
Microsoft Visual Studio Solution File, Format Version 12.00
# Visual Studio Version 17
VisualStudioVersion = 17.10.35013.160
MinimumVisualStudioVersion = 10.0.40219.1
Project("{FAE04EC0-301F-11D3-BF4B-00C04F79EFBC}") = "Demo", "Demo\Demo.csproj", "{4D8C5573-11DE-4350-ABDB-F9E2E2423151}"
EndProject
Project("{FAE04EC0-301F-11D3-BF4B-00C04F79EFBC}") = "Assignment", "Assignment\Assignment.csproj", "{99830131-F857-4EA5-9C91-85F0713BF6D2}"
EndProject
Global
	GlobalSection(SolutionConfigurationPlatforms) = preSolution
		Debug|Any CPU = Debug|Any CPU
		Release|Any CPU = Release|Any CPU
	EndGlobalSection
	GlobalSection(ProjectConfigurationPlatforms) = postSolution
		{4D8C5573-11DE-4350-ABDB-F9E2E2423151}.Debug|Any CPU.ActiveCfg = Debug|Any CPU
		{4D8C5573-11DE-4350-ABDB-F9E2E2423151}.Debug|Any CPU.Build.0 = Debug|Any CPU
		{4D8C5573-11DE-4350-ABDB-F9E2E2423151}.Release|Any CPU.ActiveCfg = Release|Any CPU
		{4D8C5573-11DE-4350-ABDB-F9E2E2423151}.Release|Any CPU.Build.0 = Release|Any CPU
		{99830131-F857-4EA5-9C91-85F0713BF6D2}.Debug|Any CPU.ActiveCfg = Debug|Any CPU
		{99830131-F857-4EA5-9C91-85F0713BF6D2}.Debug|Any CPU.Build.0 = Debug|Any CPU
		{99830131-F857-4EA5-9C91-85F0713BF6D2}.Release|Any CPU.ActiveCfg = Release|Any CPU
		{99830131-F857-4EA5-9C91-85F0713BF6D2}.Release|Any CPU.Build.0 = Release|Any CPU
	EndGlobalSection
	GlobalSection(SolutionProperties) = preSolution
		HideSolutionNode = FALSE
	EndGlobalSection
	GlobalSection(ExtensibilityGlobals) = postSolution
		SolutionGuid = {3F1D2843-35B2-45D4-8BB7-0DA09B7558C2}
	EndGlobalSection
EndGlobal
